// !$*UTF8*$!
{
	archiveVersion = 1;
	classes = {
	};
	objectVersion = 46;
	objects = {

/* Begin PBXBuildFile section */
		09669943202F461E0075E391 /* AppDelegate.swift in Sources */ = {isa = PBXBuildFile; fileRef = 09669942202F461E0075E391 /* AppDelegate.swift */; };
		09669945202F461E0075E391 /* MapDetailViewController.swift in Sources */ = {isa = PBXBuildFile; fileRef = 09669944202F461E0075E391 /* MapDetailViewController.swift */; };
		09669948202F461E0075E391 /* Main.storyboard in Resources */ = {isa = PBXBuildFile; fileRef = 09669946202F461E0075E391 /* Main.storyboard */; };
		0966994A202F461E0075E391 /* Assets.xcassets in Resources */ = {isa = PBXBuildFile; fileRef = 09669949202F461E0075E391 /* Assets.xcassets */; };
		0966994D202F461E0075E391 /* LaunchScreen.storyboard in Resources */ = {isa = PBXBuildFile; fileRef = 0966994B202F461E0075E391 /* LaunchScreen.storyboard */; };
		09669957202F47120075E391 /* MapViewController.swift in Sources */ = {isa = PBXBuildFile; fileRef = 09669956202F47120075E391 /* MapViewController.swift */; };
		0966995A203060980075E391 /* Model.xcdatamodeld in Sources */ = {isa = PBXBuildFile; fileRef = 09669958203060980075E391 /* Model.xcdatamodeld */; };
		0966995C203060C40075E391 /* CoreDataStack.swift in Sources */ = {isa = PBXBuildFile; fileRef = 0966995B203060C40075E391 /* CoreDataStack.swift */; };
		09669961203062A90075E391 /* PinImage+CoreDataClass.swift in Sources */ = {isa = PBXBuildFile; fileRef = 0966995D203062A90075E391 /* PinImage+CoreDataClass.swift */; };
		09669962203062A90075E391 /* PinImage+CoreDataProperties.swift in Sources */ = {isa = PBXBuildFile; fileRef = 0966995E203062A90075E391 /* PinImage+CoreDataProperties.swift */; };
		09669963203062A90075E391 /* PinAnnotation+CoreDataClass.swift in Sources */ = {isa = PBXBuildFile; fileRef = 0966995F203062A90075E391 /* PinAnnotation+CoreDataClass.swift */; };
		09669964203062A90075E391 /* PinAnnotation+CoreDataProperties.swift in Sources */ = {isa = PBXBuildFile; fileRef = 09669960203062A90075E391 /* PinAnnotation+CoreDataProperties.swift */; };
/* End PBXBuildFile section */

/* Begin PBXFileReference section */
		0966993F202F461E0075E391 /* VirtualTourist_8.app */ = {isa = PBXFileReference; explicitFileType = wrapper.application; includeInIndex = 0; path = VirtualTourist_8.app; sourceTree = BUILT_PRODUCTS_DIR; };
		09669942202F461E0075E391 /* AppDelegate.swift */ = {isa = PBXFileReference; lastKnownFileType = sourcecode.swift; path = AppDelegate.swift; sourceTree = "<group>"; };
		09669944202F461E0075E391 /* MapDetailViewController.swift */ = {isa = PBXFileReference; lastKnownFileType = sourcecode.swift; path = MapDetailViewController.swift; sourceTree = "<group>"; };
		09669947202F461E0075E391 /* Base */ = {isa = PBXFileReference; lastKnownFileType = file.storyboard; name = Base; path = Base.lproj/Main.storyboard; sourceTree = "<group>"; };
		09669949202F461E0075E391 /* Assets.xcassets */ = {isa = PBXFileReference; lastKnownFileType = folder.assetcatalog; path = Assets.xcassets; sourceTree = "<group>"; };
		0966994C202F461E0075E391 /* Base */ = {isa = PBXFileReference; lastKnownFileType = file.storyboard; name = Base; path = Base.lproj/LaunchScreen.storyboard; sourceTree = "<group>"; };
		0966994E202F461E0075E391 /* Info.plist */ = {isa = PBXFileReference; lastKnownFileType = text.plist.xml; path = Info.plist; sourceTree = "<group>"; };
		09669956202F47120075E391 /* MapViewController.swift */ = {isa = PBXFileReference; fileEncoding = 4; lastKnownFileType = sourcecode.swift; path = MapViewController.swift; sourceTree = "<group>"; };
		09669959203060980075E391 /* Model.xcdatamodel */ = {isa = PBXFileReference; lastKnownFileType = wrapper.xcdatamodel; path = Model.xcdatamodel; sourceTree = "<group>"; };
		0966995B203060C40075E391 /* CoreDataStack.swift */ = {isa = PBXFileReference; fileEncoding = 4; lastKnownFileType = sourcecode.swift; path = CoreDataStack.swift; sourceTree = "<group>"; };
		0966995D203062A90075E391 /* PinImage+CoreDataClass.swift */ = {isa = PBXFileReference; fileEncoding = 4; lastKnownFileType = sourcecode.swift; name = "PinImage+CoreDataClass.swift"; path = "../PinImage+CoreDataClass.swift"; sourceTree = "<group>"; };
		0966995E203062A90075E391 /* PinImage+CoreDataProperties.swift */ = {isa = PBXFileReference; fileEncoding = 4; lastKnownFileType = sourcecode.swift; name = "PinImage+CoreDataProperties.swift"; path = "../PinImage+CoreDataProperties.swift"; sourceTree = "<group>"; };
		0966995F203062A90075E391 /* PinAnnotation+CoreDataClass.swift */ = {isa = PBXFileReference; fileEncoding = 4; lastKnownFileType = sourcecode.swift; name = "PinAnnotation+CoreDataClass.swift"; path = "../PinAnnotation+CoreDataClass.swift"; sourceTree = "<group>"; };
		09669960203062A90075E391 /* PinAnnotation+CoreDataProperties.swift */ = {isa = PBXFileReference; fileEncoding = 4; lastKnownFileType = sourcecode.swift; name = "PinAnnotation+CoreDataProperties.swift"; path = "../PinAnnotation+CoreDataProperties.swift"; sourceTree = "<group>"; };
/* End PBXFileReference section */

/* Begin PBXFrameworksBuildPhase section */
		0966993C202F461E0075E391 /* Frameworks */ = {
			isa = PBXFrameworksBuildPhase;
			buildActionMask = 2147483647;
			files = (
			);
			runOnlyForDeploymentPostprocessing = 0;
		};
/* End PBXFrameworksBuildPhase section */

/* Begin PBXGroup section */
		09669936202F461E0075E391 = {
			isa = PBXGroup;
			children = (
				09669941202F461E0075E391 /* VirtualTourist_8 */,
				09669940202F461E0075E391 /* Products */,
			);
			sourceTree = "<group>";
		};
		09669940202F461E0075E391 /* Products */ = {
			isa = PBXGroup;
			children = (
				0966993F202F461E0075E391 /* VirtualTourist_8.app */,
			);
			name = Products;
			sourceTree = "<group>";
		};
		09669941202F461E0075E391 /* VirtualTourist_8 */ = {
			isa = PBXGroup;
			children = (
				09669955202F46C80075E391 /* FlickrClient */,
				09669954202F46B00075E391 /* Model */,
				09669942202F461E0075E391 /* AppDelegate.swift */,
				09669956202F47120075E391 /* MapViewController.swift */,
				09669944202F461E0075E391 /* MapDetailViewController.swift */,
				09669946202F461E0075E391 /* Main.storyboard */,
				09669949202F461E0075E391 /* Assets.xcassets */,
				0966994B202F461E0075E391 /* LaunchScreen.storyboard */,
				0966994E202F461E0075E391 /* Info.plist */,
			);
			path = VirtualTourist_8;
			sourceTree = "<group>";
		};
		09669954202F46B00075E391 /* Model */ = {
			isa = PBXGroup;
			children = (
				0966995D203062A90075E391 /* PinImage+CoreDataClass.swift */,
				0966995E203062A90075E391 /* PinImage+CoreDataProperties.swift */,
				0966995F203062A90075E391 /* PinAnnotation+CoreDataClass.swift */,
				09669960203062A90075E391 /* PinAnnotation+CoreDataProperties.swift */,
				09669958203060980075E391 /* Model.xcdatamodeld */,
				0966995B203060C40075E391 /* CoreDataStack.swift */,
			);
			name = Model;
			sourceTree = "<group>";
		};
		09669955202F46C80075E391 /* FlickrClient */ = {
			isa = PBXGroup;
			children = (
			);
			name = FlickrClient;
			sourceTree = "<group>";
		};
/* End PBXGroup section */

/* Begin PBXNativeTarget section */
		0966993E202F461E0075E391 /* VirtualTourist_8 */ = {
			isa = PBXNativeTarget;
			buildConfigurationList = 09669951202F461E0075E391 /* Build configuration list for PBXNativeTarget "VirtualTourist_8" */;
			buildPhases = (
				0966993B202F461E0075E391 /* Sources */,
				0966993C202F461E0075E391 /* Frameworks */,
				0966993D202F461E0075E391 /* Resources */,
			);
			buildRules = (
			);
			dependencies = (
			);
			name = VirtualTourist_8;
			productName = VirtualTourist_8;
			productReference = 0966993F202F461E0075E391 /* VirtualTourist_8.app */;
			productType = "com.apple.product-type.application";
		};
/* End PBXNativeTarget section */

/* Begin PBXProject section */
		09669937202F461E0075E391 /* Project object */ = {
			isa = PBXProject;
			attributes = {
				LastSwiftUpdateCheck = 0830;
				LastUpgradeCheck = 0830;
				ORGANIZATIONNAME = "Norbert Grover";
				TargetAttributes = {
					0966993E202F461E0075E391 = {
						CreatedOnToolsVersion = 8.3.2;
						DevelopmentTeam = 93TAG27MAJ;
						ProvisioningStyle = Automatic;
					};
				};
			};
			buildConfigurationList = 0966993A202F461E0075E391 /* Build configuration list for PBXProject "VirtualTourist_8" */;
			compatibilityVersion = "Xcode 3.2";
			developmentRegion = English;
			hasScannedForEncodings = 0;
			knownRegions = (
				en,
				Base,
			);
			mainGroup = 09669936202F461E0075E391;
			productRefGroup = 09669940202F461E0075E391 /* Products */;
			projectDirPath = "";
			projectRoot = "";
			targets = (
				0966993E202F461E0075E391 /* VirtualTourist_8 */,
			);
		};
/* End PBXProject section */

/* Begin PBXResourcesBuildPhase section */
		0966993D202F461E0075E391 /* Resources */ = {
			isa = PBXResourcesBuildPhase;
			buildActionMask = 2147483647;
			files = (
				0966994D202F461E0075E391 /* LaunchScreen.storyboard in Resources */,
				0966994A202F461E0075E391 /* Assets.xcassets in Resources */,
				09669948202F461E0075E391 /* Main.storyboard in Resources */,
			);
			runOnlyForDeploymentPostprocessing = 0;
		};
/* End PBXResourcesBuildPhase section */

/* Begin PBXSourcesBuildPhase section */
		0966993B202F461E0075E391 /* Sources */ = {
			isa = PBXSourcesBuildPhase;
			buildActionMask = 2147483647;
			files = (
				0966995C203060C40075E391 /* CoreDataStack.swift in Sources */,
				09669945202F461E0075E391 /* MapDetailViewController.swift in Sources */,
				09669957202F47120075E391 /* MapViewController.swift in Sources */,
				09669943202F461E0075E391 /* AppDelegate.swift in Sources */,
				09669962203062A90075E391 /* PinImage+CoreDataProperties.swift in Sources */,
				09669964203062A90075E391 /* PinAnnotation+CoreDataProperties.swift in Sources */,
				0966995A203060980075E391 /* Model.xcdatamodeld in Sources */,
				09669963203062A90075E391 /* PinAnnotation+CoreDataClass.swift in Sources */,
				09669961203062A90075E391 /* PinImage+CoreDataClass.swift in Sources */,
			);
			runOnlyForDeploymentPostprocessing = 0;
		};
/* End PBXSourcesBuildPhase section */

/* Begin PBXVariantGroup section */
		09669946202F461E0075E391 /* Main.storyboard */ = {
			isa = PBXVariantGroup;
			children = (
				09669947202F461E0075E391 /* Base */,
			);
			name = Main.storyboard;
			sourceTree = "<group>";
		};
		0966994B202F461E0075E391 /* LaunchScreen.storyboard */ = {
			isa = PBXVariantGroup;
			children = (
				0966994C202F461E0075E391 /* Base */,
			);
			name = LaunchScreen.storyboard;
			sourceTree = "<group>";
		};
/* End PBXVariantGroup section */

/* Begin XCBuildConfiguration section */
		0966994F202F461E0075E391 /* Debug */ = {
			isa = XCBuildConfiguration;
			buildSettings = {
				ALWAYS_SEARCH_USER_PATHS = NO;
				CLANG_ANALYZER_NONNULL = YES;
				CLANG_ANALYZER_NUMBER_OBJECT_CONVERSION = YES_AGGRESSIVE;
				CLANG_CXX_LANGUAGE_STANDARD = "gnu++0x";
				CLANG_CXX_LIBRARY = "libc++";
				CLANG_ENABLE_MODULES = YES;
				CLANG_ENABLE_OBJC_ARC = YES;
				CLANG_WARN_BOOL_CONVERSION = YES;
				CLANG_WARN_CONSTANT_CONVERSION = YES;
				CLANG_WARN_DIRECT_OBJC_ISA_USAGE = YES_ERROR;
				CLANG_WARN_DOCUMENTATION_COMMENTS = YES;
				CLANG_WARN_EMPTY_BODY = YES;
				CLANG_WARN_ENUM_CONVERSION = YES;
				CLANG_WARN_INFINITE_RECURSION = YES;
				CLANG_WARN_INT_CONVERSION = YES;
				CLANG_WARN_OBJC_ROOT_CLASS = YES_ERROR;
				CLANG_WARN_SUSPICIOUS_MOVE = YES;
				CLANG_WARN_UNREACHABLE_CODE = YES;
				CLANG_WARN__DUPLICATE_METHOD_MATCH = YES;
				"CODE_SIGN_IDENTITY[sdk=iphoneos*]" = "iPhone Developer";
				COPY_PHASE_STRIP = NO;
				DEBUG_INFORMATION_FORMAT = dwarf;
				ENABLE_STRICT_OBJC_MSGSEND = YES;
				ENABLE_TESTABILITY = YES;
				GCC_C_LANGUAGE_STANDARD = gnu99;
				GCC_DYNAMIC_NO_PIC = NO;
				GCC_NO_COMMON_BLOCKS = YES;
				GCC_OPTIMIZATION_LEVEL = 0;
				GCC_PREPROCESSOR_DEFINITIONS = (
					"DEBUG=1",
					"$(inherited)",
				);
				GCC_WARN_64_TO_32_BIT_CONVERSION = YES;
				GCC_WARN_ABOUT_RETURN_TYPE = YES_ERROR;
				GCC_WARN_UNDECLARED_SELECTOR = YES;
				GCC_WARN_UNINITIALIZED_AUTOS = YES_AGGRESSIVE;
				GCC_WARN_UNUSED_FUNCTION = YES;
				GCC_WARN_UNUSED_VARIABLE = YES;
				IPHONEOS_DEPLOYMENT_TARGET = 10.3;
				MTL_ENABLE_DEBUG_INFO = YES;
				ONLY_ACTIVE_ARCH = YES;
				SDKROOT = iphoneos;
				SWIFT_ACTIVE_COMPILATION_CONDITIONS = DEBUG;
				SWIFT_OPTIMIZATION_LEVEL = "-Onone";
			};
			name = Debug;
		};
		09669950202F461E0075E391 /* Release */ = {
			isa = XCBuildConfiguration;
			buildSettings = {
				ALWAYS_SEARCH_USER_PATHS = NO;
				CLANG_ANALYZER_NONNULL = YES;
				CLANG_ANALYZER_NUMBER_OBJECT_CONVERSION = YES_AGGRESSIVE;
				CLANG_CXX_LANGUAGE_STANDARD = "gnu++0x";
				CLANG_CXX_LIBRARY = "libc++";
				CLANG_ENABLE_MODULES = YES;
				CLANG_ENABLE_OBJC_ARC = YES;
				CLANG_WARN_BOOL_CONVERSION = YES;
				CLANG_WARN_CONSTANT_CONVERSION = YES;
				CLANG_WARN_DIRECT_OBJC_ISA_USAGE = YES_ERROR;
				CLANG_WARN_DOCUMENTATION_COMMENTS = YES;
				CLANG_WARN_EMPTY_BODY = YES;
				CLANG_WARN_ENUM_CONVERSION = YES;
				CLANG_WARN_INFINITE_RECURSION = YES;
				CLANG_WARN_INT_CONVERSION = YES;
				CLANG_WARN_OBJC_ROOT_CLASS = YES_ERROR;
				CLANG_WARN_SUSPICIOUS_MOVE = YES;
				CLANG_WARN_UNREACHABLE_CODE = YES;
				CLANG_WARN__DUPLICATE_METHOD_MATCH = YES;
				"CODE_SIGN_IDENTITY[sdk=iphoneos*]" = "iPhone Developer";
				COPY_PHASE_STRIP = NO;
				DEBUG_INFORMATION_FORMAT = "dwarf-with-dsym";
				ENABLE_NS_ASSERTIONS = NO;
				ENABLE_STRICT_OBJC_MSGSEND = YES;
				GCC_C_LANGUAGE_STANDARD = gnu99;
				GCC_NO_COMMON_BLOCKS = YES;
				GCC_WARN_64_TO_32_BIT_CONVERSION = YES;
				GCC_WARN_ABOUT_RETURN_TYPE = YES_ERROR;
				GCC_WARN_UNDECLARED_SELECTOR = YES;
				GCC_WARN_UNINITIALIZED_AUTOS = YES_AGGRESSIVE;
				GCC_WARN_UNUSED_FUNCTION = YES;
				GCC_WARN_UNUSED_VARIABLE = YES;
				IPHONEOS_DEPLOYMENT_TARGET = 10.3;
				MTL_ENABLE_DEBUG_INFO = NO;
				SDKROOT = iphoneos;
				SWIFT_OPTIMIZATION_LEVEL = "-Owholemodule";
				VALIDATE_PRODUCT = YES;
			};
			name = Release;
		};
		09669952202F461E0075E391 /* Debug */ = {
			isa = XCBuildConfiguration;
			buildSettings = {
				ASSETCATALOG_COMPILER_APPICON_NAME = AppIcon;
				DEVELOPMENT_TEAM = 93TAG27MAJ;
				INFOPLIST_FILE = VirtualTourist_8/Info.plist;
				LD_RUNPATH_SEARCH_PATHS = "$(inherited) @executable_path/Frameworks";
				PRODUCT_BUNDLE_IDENTIFIER = "GroverTech.VirtualTourist-8";
				PRODUCT_NAME = "$(TARGET_NAME)";
				SWIFT_VERSION = 3.0;
			};
			name = Debug;
		};
		09669953202F461E0075E391 /* Release */ = {
			isa = XCBuildConfiguration;
			buildSettings = {
				ASSETCATALOG_COMPILER_APPICON_NAME = AppIcon;
				DEVELOPMENT_TEAM = 93TAG27MAJ;
				INFOPLIST_FILE = VirtualTourist_8/Info.plist;
				LD_RUNPATH_SEARCH_PATHS = "$(inherited) @executable_path/Frameworks";
				PRODUCT_BUNDLE_IDENTIFIER = "GroverTech.VirtualTourist-8";
				PRODUCT_NAME = "$(TARGET_NAME)";
				SWIFT_VERSION = 3.0;
			};
			name = Release;
		};
/* End XCBuildConfiguration section */

/* Begin XCConfigurationList section */
		0966993A202F461E0075E391 /* Build configuration list for PBXProject "VirtualTourist_8" */ = {
			isa = XCConfigurationList;
			buildConfigurations = (
				0966994F202F461E0075E391 /* Debug */,
				09669950202F461E0075E391 /* Release */,
			);
			defaultConfigurationIsVisible = 0;
			defaultConfigurationName = Release;
		};
		09669951202F461E0075E391 /* Build configuration list for PBXNativeTarget "VirtualTourist_8" */ = {
			isa = XCConfigurationList;
			buildConfigurations = (
				09669952202F461E0075E391 /* Debug */,
				09669953202F461E0075E391 /* Release */,
			);
			defaultConfigurationIsVisible = 0;
		};
/* End XCConfigurationList section */

/* Begin XCVersionGroup section */
		09669958203060980075E391 /* Model.xcdatamodeld */ = {
			isa = XCVersionGroup;
			children = (
				09669959203060980075E391 /* Model.xcdatamodel */,
			);
			currentVersion = 09669959203060980075E391 /* Model.xcdatamodel */;
			path = Model.xcdatamodeld;
			sourceTree = "<group>";
			versionGroupType = wrapper.xcdatamodel;
		};
/* End XCVersionGroup section */
	};
	rootObject = 09669937202F461E0075E391 /* Project object */;
}
